
Microsoft Visual Studio Solution File, Format Version 12.00
# Visual Studio 14
VisualStudioVersion = 14.0.25420.1
MinimumVisualStudioVersion = 10.0.40219.1
Project("{FAE04EC0-301F-11D3-BF4B-00C04F79EFBC}") = "ADDC_MVVM.Droid", "ADDC_MVVM\ADDC_MVVM.Droid\ADDC_MVVM.Droid.csproj", "{A126C70F-0205-4CF1-9717-24FE5D748CE9}"
EndProject
Project("{FAE04EC0-301F-11D3-BF4B-00C04F79EFBC}") = "ADDC_MVVM.iOS", "ADDC_MVVM\ADDC_MVVM.iOS\ADDC_MVVM.iOS.csproj", "{126EB4E4-2495-47AE-8BA2-83642CAC4138}"
EndProject
Project("{FAE04EC0-301F-11D3-BF4B-00C04F79EFBC}") = "ADDC_MVVM.WinPhone", "ADDC_MVVM\ADDC_MVVM.WinPhone\ADDC_MVVM.WinPhone.csproj", "{96409814-5162-44F5-88E2-04E493C5FE15}"
EndProject
Project("{FAE04EC0-301F-11D3-BF4B-00C04F79EFBC}") = "ADDC_MVVM.Windows", "ADDC_MVVM\ADDC_MVVM.Windows\ADDC_MVVM.Windows.csproj", "{AD283B9E-8326-4CA9-8AEA-DF190F880A6A}"
EndProject
Project("{FAE04EC0-301F-11D3-BF4B-00C04F79EFBC}") = "ADDC_MVVM", "ADDC_MVVM\ADDC_MVVM\ADDC_MVVM.csproj", "{BBBB1A0D-CD2E-48DB-845A-805E454CE564}"
EndProject
Global
	GlobalSection(SolutionConfigurationPlatforms) = preSolution
		Ad-Hoc|Any CPU = Ad-Hoc|Any CPU
		Ad-Hoc|ARM = Ad-Hoc|ARM
		Ad-Hoc|iPhone = Ad-Hoc|iPhone
		Ad-Hoc|iPhoneSimulator = Ad-Hoc|iPhoneSimulator
		Ad-Hoc|x64 = Ad-Hoc|x64
		Ad-Hoc|x86 = Ad-Hoc|x86
		AppStore|Any CPU = AppStore|Any CPU
		AppStore|ARM = AppStore|ARM
		AppStore|iPhone = AppStore|iPhone
		AppStore|iPhoneSimulator = AppStore|iPhoneSimulator
		AppStore|x64 = AppStore|x64
		AppStore|x86 = AppStore|x86
		Debug|Any CPU = Debug|Any CPU
		Debug|ARM = Debug|ARM
		Debug|iPhone = Debug|iPhone
		Debug|iPhoneSimulator = Debug|iPhoneSimulator
		Debug|x64 = Debug|x64
		Debug|x86 = Debug|x86
		Release|Any CPU = Release|Any CPU
		Release|ARM = Release|ARM
		Release|iPhone = Release|iPhone
		Release|iPhoneSimulator = Release|iPhoneSimulator
		Release|x64 = Release|x64
		Release|x86 = Release|x86
	EndGlobalSection
	GlobalSection(ProjectConfigurationPlatforms) = postSolution
		{A126C70F-0205-4CF1-9717-24FE5D748CE9}.Ad-Hoc|Any CPU.ActiveCfg = Release|Any CPU
		{A126C70F-0205-4CF1-9717-24FE5D748CE9}.Ad-Hoc|Any CPU.Build.0 = Release|Any CPU
		{A126C70F-0205-4CF1-9717-24FE5D748CE9}.Ad-Hoc|Any CPU.Deploy.0 = Release|Any CPU
		{A126C70F-0205-4CF1-9717-24FE5D748CE9}.Ad-Hoc|ARM.ActiveCfg = Release|Any CPU
		{A126C70F-0205-4CF1-9717-24FE5D748CE9}.Ad-Hoc|ARM.Build.0 = Release|Any CPU
		{A126C70F-0205-4CF1-9717-24FE5D748CE9}.Ad-Hoc|ARM.Deploy.0 = Release|Any CPU
		{A126C70F-0205-4CF1-9717-24FE5D748CE9}.Ad-Hoc|iPhone.ActiveCfg = Release|Any CPU
		{A126C70F-0205-4CF1-9717-24FE5D748CE9}.Ad-Hoc|iPhone.Build.0 = Release|Any CPU
		{A126C70F-0205-4CF1-9717-24FE5D748CE9}.Ad-Hoc|iPhone.Deploy.0 = Release|Any CPU
		{A126C70F-0205-4CF1-9717-24FE5D748CE9}.Ad-Hoc|iPhoneSimulator.ActiveCfg = Release|Any CPU
		{A126C70F-0205-4CF1-9717-24FE5D748CE9}.Ad-Hoc|iPhoneSimulator.Build.0 = Release|Any CPU
		{A126C70F-0205-4CF1-9717-24FE5D748CE9}.Ad-Hoc|iPhoneSimulator.Deploy.0 = Release|Any CPU
		{A126C70F-0205-4CF1-9717-24FE5D748CE9}.Ad-Hoc|x64.ActiveCfg = Release|Any CPU
		{A126C70F-0205-4CF1-9717-24FE5D748CE9}.Ad-Hoc|x64.Build.0 = Release|Any CPU
		{A126C70F-0205-4CF1-9717-24FE5D748CE9}.Ad-Hoc|x64.Deploy.0 = Release|Any CPU
		{A126C70F-0205-4CF1-9717-24FE5D748CE9}.Ad-Hoc|x86.ActiveCfg = Release|Any CPU
		{A126C70F-0205-4CF1-9717-24FE5D748CE9}.Ad-Hoc|x86.Build.0 = Release|Any CPU
		{A126C70F-0205-4CF1-9717-24FE5D748CE9}.Ad-Hoc|x86.Deploy.0 = Release|Any CPU
		{A126C70F-0205-4CF1-9717-24FE5D748CE9}.AppStore|Any CPU.ActiveCfg = Release|Any CPU
		{A126C70F-0205-4CF1-9717-24FE5D748CE9}.AppStore|Any CPU.Build.0 = Release|Any CPU
		{A126C70F-0205-4CF1-9717-24FE5D748CE9}.AppStore|Any CPU.Deploy.0 = Release|Any CPU
		{A126C70F-0205-4CF1-9717-24FE5D748CE9}.AppStore|ARM.ActiveCfg = Release|Any CPU
		{A126C70F-0205-4CF1-9717-24FE5D748CE9}.AppStore|ARM.Build.0 = Release|Any CPU
		{A126C70F-0205-4CF1-9717-24FE5D748CE9}.AppStore|ARM.Deploy.0 = Release|Any CPU
		{A126C70F-0205-4CF1-9717-24FE5D748CE9}.AppStore|iPhone.ActiveCfg = Release|Any CPU
		{A126C70F-0205-4CF1-9717-24FE5D748CE9}.AppStore|iPhone.Build.0 = Release|Any CPU
		{A126C70F-0205-4CF1-9717-24FE5D748CE9}.AppStore|iPhone.Deploy.0 = Release|Any CPU
		{A126C70F-0205-4CF1-9717-24FE5D748CE9}.AppStore|iPhoneSimulator.ActiveCfg = Release|Any CPU
		{A126C70F-0205-4CF1-9717-24FE5D748CE9}.AppStore|iPhoneSimulator.Build.0 = Release|Any CPU
		{A126C70F-0205-4CF1-9717-24FE5D748CE9}.AppStore|iPhoneSimulator.Deploy.0 = Release|Any CPU
		{A126C70F-0205-4CF1-9717-24FE5D748CE9}.AppStore|x64.ActiveCfg = Release|Any CPU
		{A126C70F-0205-4CF1-9717-24FE5D748CE9}.AppStore|x64.Build.0 = Release|Any CPU
		{A126C70F-0205-4CF1-9717-24FE5D748CE9}.AppStore|x64.Deploy.0 = Release|Any CPU
		{A126C70F-0205-4CF1-9717-24FE5D748CE9}.AppStore|x86.ActiveCfg = Release|Any CPU
		{A126C70F-0205-4CF1-9717-24FE5D748CE9}.AppStore|x86.Build.0 = Release|Any CPU
		{A126C70F-0205-4CF1-9717-24FE5D748CE9}.AppStore|x86.Deploy.0 = Release|Any CPU
		{A126C70F-0205-4CF1-9717-24FE5D748CE9}.Debug|Any CPU.ActiveCfg = Debug|Any CPU
		{A126C70F-0205-4CF1-9717-24FE5D748CE9}.Debug|Any CPU.Build.0 = Debug|Any CPU
		{A126C70F-0205-4CF1-9717-24FE5D748CE9}.Debug|Any CPU.Deploy.0 = Debug|Any CPU
		{A126C70F-0205-4CF1-9717-24FE5D748CE9}.Debug|ARM.ActiveCfg = Debug|Any CPU
		{A126C70F-0205-4CF1-9717-24FE5D748CE9}.Debug|ARM.Build.0 = Debug|Any CPU
		{A126C70F-0205-4CF1-9717-24FE5D748CE9}.Debug|ARM.Deploy.0 = Debug|Any CPU
		{A126C70F-0205-4CF1-9717-24FE5D748CE9}.Debug|iPhone.ActiveCfg = Debug|Any CPU
		{A126C70F-0205-4CF1-9717-24FE5D748CE9}.Debug|iPhone.Build.0 = Debug|Any CPU
		{A126C70F-0205-4CF1-9717-24FE5D748CE9}.Debug|iPhone.Deploy.0 = Debug|Any CPU
		{A126C70F-0205-4CF1-9717-24FE5D748CE9}.Debug|iPhoneSimulator.ActiveCfg = Debug|Any CPU
		{A126C70F-0205-4CF1-9717-24FE5D748CE9}.Debug|iPhoneSimulator.Build.0 = Debug|Any CPU
		{A126C70F-0205-4CF1-9717-24FE5D748CE9}.Debug|iPhoneSimulator.Deploy.0 = Debug|Any CPU
		{A126C70F-0205-4CF1-9717-24FE5D748CE9}.Debug|x64.ActiveCfg = Debug|Any CPU
		{A126C70F-0205-4CF1-9717-24FE5D748CE9}.Debug|x64.Build.0 = Debug|Any CPU
		{A126C70F-0205-4CF1-9717-24FE5D748CE9}.Debug|x64.Deploy.0 = Debug|Any CPU
		{A126C70F-0205-4CF1-9717-24FE5D748CE9}.Debug|x86.ActiveCfg = Debug|Any CPU
		{A126C70F-0205-4CF1-9717-24FE5D748CE9}.Debug|x86.Build.0 = Debug|Any CPU
		{A126C70F-0205-4CF1-9717-24FE5D748CE9}.Debug|x86.Deploy.0 = Debug|Any CPU
		{A126C70F-0205-4CF1-9717-24FE5D748CE9}.Release|Any CPU.ActiveCfg = Release|Any CPU
		{A126C70F-0205-4CF1-9717-24FE5D748CE9}.Release|Any CPU.Build.0 = Release|Any CPU
		{A126C70F-0205-4CF1-9717-24FE5D748CE9}.Release|Any CPU.Deploy.0 = Release|Any CPU
		{A126C70F-0205-4CF1-9717-24FE5D748CE9}.Release|ARM.ActiveCfg = Release|Any CPU
		{A126C70F-0205-4CF1-9717-24FE5D748CE9}.Release|ARM.Build.0 = Release|Any CPU
		{A126C70F-0205-4CF1-9717-24FE5D748CE9}.Release|ARM.Deploy.0 = Release|Any CPU
		{A126C70F-0205-4CF1-9717-24FE5D748CE9}.Release|iPhone.ActiveCfg = Release|Any CPU
		{A126C70F-0205-4CF1-9717-24FE5D748CE9}.Release|iPhone.Build.0 = Release|Any CPU
		{A126C70F-0205-4CF1-9717-24FE5D748CE9}.Release|iPhone.Deploy.0 = Release|Any CPU
		{A126C70F-0205-4CF1-9717-24FE5D748CE9}.Release|iPhoneSimulator.ActiveCfg = Release|Any CPU
		{A126C70F-0205-4CF1-9717-24FE5D748CE9}.Release|iPhoneSimulator.Build.0 = Release|Any CPU
		{A126C70F-0205-4CF1-9717-24FE5D748CE9}.Release|iPhoneSimulator.Deploy.0 = Release|Any CPU
		{A126C70F-0205-4CF1-9717-24FE5D748CE9}.Release|x64.ActiveCfg = Release|Any CPU
		{A126C70F-0205-4CF1-9717-24FE5D748CE9}.Release|x64.Build.0 = Release|Any CPU
		{A126C70F-0205-4CF1-9717-24FE5D748CE9}.Release|x64.Deploy.0 = Release|Any CPU
		{A126C70F-0205-4CF1-9717-24FE5D748CE9}.Release|x86.ActiveCfg = Release|Any CPU
		{A126C70F-0205-4CF1-9717-24FE5D748CE9}.Release|x86.Build.0 = Release|Any CPU
		{A126C70F-0205-4CF1-9717-24FE5D748CE9}.Release|x86.Deploy.0 = Release|Any CPU
		{126EB4E4-2495-47AE-8BA2-83642CAC4138}.Ad-Hoc|Any CPU.ActiveCfg = Ad-Hoc|iPhone
		{126EB4E4-2495-47AE-8BA2-83642CAC4138}.Ad-Hoc|ARM.ActiveCfg = Ad-Hoc|iPhone
		{126EB4E4-2495-47AE-8BA2-83642CAC4138}.Ad-Hoc|iPhone.ActiveCfg = Ad-Hoc|iPhone
		{126EB4E4-2495-47AE-8BA2-83642CAC4138}.Ad-Hoc|iPhone.Build.0 = Ad-Hoc|iPhone
		{126EB4E4-2495-47AE-8BA2-83642CAC4138}.Ad-Hoc|iPhoneSimulator.ActiveCfg = Ad-Hoc|iPhoneSimulator
		{126EB4E4-2495-47AE-8BA2-83642CAC4138}.Ad-Hoc|iPhoneSimulator.Build.0 = Ad-Hoc|iPhoneSimulator
		{126EB4E4-2495-47AE-8BA2-83642CAC4138}.Ad-Hoc|x64.ActiveCfg = Ad-Hoc|iPhone
		{126EB4E4-2495-47AE-8BA2-83642CAC4138}.Ad-Hoc|x86.ActiveCfg = Ad-Hoc|iPhone
		{126EB4E4-2495-47AE-8BA2-83642CAC4138}.AppStore|Any CPU.ActiveCfg = AppStore|iPhone
		{126EB4E4-2495-47AE-8BA2-83642CAC4138}.AppStore|ARM.ActiveCfg = AppStore|iPhone
		{126EB4E4-2495-47AE-8BA2-83642CAC4138}.AppStore|iPhone.ActiveCfg = AppStore|iPhone
		{126EB4E4-2495-47AE-8BA2-83642CAC4138}.AppStore|iPhone.Build.0 = AppStore|iPhone
		{126EB4E4-2495-47AE-8BA2-83642CAC4138}.AppStore|iPhoneSimulator.ActiveCfg = AppStore|iPhoneSimulator
		{126EB4E4-2495-47AE-8BA2-83642CAC4138}.AppStore|iPhoneSimulator.Build.0 = AppStore|iPhoneSimulator
		{126EB4E4-2495-47AE-8BA2-83642CAC4138}.AppStore|x64.ActiveCfg = AppStore|iPhone
		{126EB4E4-2495-47AE-8BA2-83642CAC4138}.AppStore|x86.ActiveCfg = AppStore|iPhone
		{126EB4E4-2495-47AE-8BA2-83642CAC4138}.Debug|Any CPU.ActiveCfg = Debug|iPhone
		{126EB4E4-2495-47AE-8BA2-83642CAC4138}.Debug|Any CPU.Build.0 = Debug|iPhone
		{126EB4E4-2495-47AE-8BA2-83642CAC4138}.Debug|ARM.ActiveCfg = Debug|iPhone
		{126EB4E4-2495-47AE-8BA2-83642CAC4138}.Debug|iPhone.ActiveCfg = Debug|iPhone
		{126EB4E4-2495-47AE-8BA2-83642CAC4138}.Debug|iPhone.Build.0 = Debug|iPhone
		{126EB4E4-2495-47AE-8BA2-83642CAC4138}.Debug|iPhone.Deploy.0 = Debug|iPhone
		{126EB4E4-2495-47AE-8BA2-83642CAC4138}.Debug|iPhoneSimulator.ActiveCfg = Debug|iPhoneSimulator
		{126EB4E4-2495-47AE-8BA2-83642CAC4138}.Debug|iPhoneSimulator.Build.0 = Debug|iPhoneSimulator
		{126EB4E4-2495-47AE-8BA2-83642CAC4138}.Debug|x64.ActiveCfg = Debug|iPhone
		{126EB4E4-2495-47AE-8BA2-83642CAC4138}.Debug|x86.ActiveCfg = Debug|iPhone
		{126EB4E4-2495-47AE-8BA2-83642CAC4138}.Release|Any CPU.ActiveCfg = Release|iPhone
		{126EB4E4-2495-47AE-8BA2-83642CAC4138}.Release|ARM.ActiveCfg = Release|iPhone
		{126EB4E4-2495-47AE-8BA2-83642CAC4138}.Release|iPhone.ActiveCfg = Release|iPhone
		{126EB4E4-2495-47AE-8BA2-83642CAC4138}.Release|iPhone.Build.0 = Release|iPhone
		{126EB4E4-2495-47AE-8BA2-83642CAC4138}.Release|iPhoneSimulator.ActiveCfg = Release|iPhoneSimulator
		{126EB4E4-2495-47AE-8BA2-83642CAC4138}.Release|iPhoneSimulator.Build.0 = Release|iPhoneSimulator
		{126EB4E4-2495-47AE-8BA2-83642CAC4138}.Release|x64.ActiveCfg = Release|iPhone
		{126EB4E4-2495-47AE-8BA2-83642CAC4138}.Release|x86.ActiveCfg = Release|iPhone
		{96409814-5162-44F5-88E2-04E493C5FE15}.Ad-Hoc|Any CPU.ActiveCfg = Release|Any CPU
		{96409814-5162-44F5-88E2-04E493C5FE15}.Ad-Hoc|Any CPU.Build.0 = Release|Any CPU
		{96409814-5162-44F5-88E2-04E493C5FE15}.Ad-Hoc|Any CPU.Deploy.0 = Release|Any CPU
		{96409814-5162-44F5-88E2-04E493C5FE15}.Ad-Hoc|ARM.ActiveCfg = Release|ARM
		{96409814-5162-44F5-88E2-04E493C5FE15}.Ad-Hoc|ARM.Build.0 = Release|ARM
		{96409814-5162-44F5-88E2-04E493C5FE15}.Ad-Hoc|ARM.Deploy.0 = Release|ARM
		{96409814-5162-44F5-88E2-04E493C5FE15}.Ad-Hoc|iPhone.ActiveCfg = Release|Any CPU
		{96409814-5162-44F5-88E2-04E493C5FE15}.Ad-Hoc|iPhone.Build.0 = Release|Any CPU
		{96409814-5162-44F5-88E2-04E493C5FE15}.Ad-Hoc|iPhone.Deploy.0 = Release|Any CPU
		{96409814-5162-44F5-88E2-04E493C5FE15}.Ad-Hoc|iPhoneSimulator.ActiveCfg = Release|Any CPU
		{96409814-5162-44F5-88E2-04E493C5FE15}.Ad-Hoc|iPhoneSimulator.Build.0 = Release|Any CPU
		{96409814-5162-44F5-88E2-04E493C5FE15}.Ad-Hoc|iPhoneSimulator.Deploy.0 = Release|Any CPU
		{96409814-5162-44F5-88E2-04E493C5FE15}.Ad-Hoc|x64.ActiveCfg = Release|Any CPU
		{96409814-5162-44F5-88E2-04E493C5FE15}.Ad-Hoc|x64.Build.0 = Release|Any CPU
		{96409814-5162-44F5-88E2-04E493C5FE15}.Ad-Hoc|x64.Deploy.0 = Release|Any CPU
		{96409814-5162-44F5-88E2-04E493C5FE15}.Ad-Hoc|x86.ActiveCfg = Release|x86
		{96409814-5162-44F5-88E2-04E493C5FE15}.Ad-Hoc|x86.Build.0 = Release|x86
		{96409814-5162-44F5-88E2-04E493C5FE15}.Ad-Hoc|x86.Deploy.0 = Release|x86
		{96409814-5162-44F5-88E2-04E493C5FE15}.AppStore|Any CPU.ActiveCfg = Release|Any CPU
		{96409814-5162-44F5-88E2-04E493C5FE15}.AppStore|Any CPU.Build.0 = Release|Any CPU
		{96409814-5162-44F5-88E2-04E493C5FE15}.AppStore|Any CPU.Deploy.0 = Release|Any CPU
		{96409814-5162-44F5-88E2-04E493C5FE15}.AppStore|ARM.ActiveCfg = Release|ARM
		{96409814-5162-44F5-88E2-04E493C5FE15}.AppStore|ARM.Build.0 = Release|ARM
		{96409814-5162-44F5-88E2-04E493C5FE15}.AppStore|ARM.Deploy.0 = Release|ARM
		{96409814-5162-44F5-88E2-04E493C5FE15}.AppStore|iPhone.ActiveCfg = Release|Any CPU
		{96409814-5162-44F5-88E2-04E493C5FE15}.AppStore|iPhone.Build.0 = Release|Any CPU
		{96409814-5162-44F5-88E2-04E493C5FE15}.AppStore|iPhone.Deploy.0 = Release|Any CPU
		{96409814-5162-44F5-88E2-04E493C5FE15}.AppStore|iPhoneSimulator.ActiveCfg = Release|Any CPU
		{96409814-5162-44F5-88E2-04E493C5FE15}.AppStore|iPhoneSimulator.Build.0 = Release|Any CPU
		{96409814-5162-44F5-88E2-04E493C5FE15}.AppStore|iPhoneSimulator.Deploy.0 = Release|Any CPU
		{96409814-5162-44F5-88E2-04E493C5FE15}.AppStore|x64.ActiveCfg = Release|Any CPU
		{96409814-5162-44F5-88E2-04E493C5FE15}.AppStore|x64.Build.0 = Release|Any CPU
		{96409814-5162-44F5-88E2-04E493C5FE15}.AppStore|x64.Deploy.0 = Release|Any CPU
		{96409814-5162-44F5-88E2-04E493C5FE15}.AppStore|x86.ActiveCfg = Release|x86
		{96409814-5162-44F5-88E2-04E493C5FE15}.AppStore|x86.Build.0 = Release|x86
		{96409814-5162-44F5-88E2-04E493C5FE15}.AppStore|x86.Deploy.0 = Release|x86
		{96409814-5162-44F5-88E2-04E493C5FE15}.Debug|Any CPU.ActiveCfg = Debug|Any CPU
		{96409814-5162-44F5-88E2-04E493C5FE15}.Debug|Any CPU.Build.0 = Debug|Any CPU
		{96409814-5162-44F5-88E2-04E493C5FE15}.Debug|Any CPU.Deploy.0 = Debug|Any CPU
		{96409814-5162-44F5-88E2-04E493C5FE15}.Debug|ARM.ActiveCfg = Debug|ARM
		{96409814-5162-44F5-88E2-04E493C5FE15}.Debug|ARM.Build.0 = Debug|ARM
		{96409814-5162-44F5-88E2-04E493C5FE15}.Debug|ARM.Deploy.0 = Debug|ARM
		{96409814-5162-44F5-88E2-04E493C5FE15}.Debug|iPhone.ActiveCfg = Debug|Any CPU
		{96409814-5162-44F5-88E2-04E493C5FE15}.Debug|iPhone.Build.0 = Debug|Any CPU
		{96409814-5162-44F5-88E2-04E493C5FE15}.Debug|iPhone.Deploy.0 = Debug|Any CPU
		{96409814-5162-44F5-88E2-04E493C5FE15}.Debug|iPhoneSimulator.ActiveCfg = Debug|Any CPU
		{96409814-5162-44F5-88E2-04E493C5FE15}.Debug|iPhoneSimulator.Build.0 = Debug|Any CPU
		{96409814-5162-44F5-88E2-04E493C5FE15}.Debug|iPhoneSimulator.Deploy.0 = Debug|Any CPU
		{96409814-5162-44F5-88E2-04E493C5FE15}.Debug|x64.ActiveCfg = Debug|Any CPU
		{96409814-5162-44F5-88E2-04E493C5FE15}.Debug|x64.Build.0 = Debug|Any CPU
		{96409814-5162-44F5-88E2-04E493C5FE15}.Debug|x64.Deploy.0 = Debug|Any CPU
		{96409814-5162-44F5-88E2-04E493C5FE15}.Debug|x86.ActiveCfg = Debug|x86
		{96409814-5162-44F5-88E2-04E493C5FE15}.Debug|x86.Build.0 = Debug|x86
		{96409814-5162-44F5-88E2-04E493C5FE15}.Debug|x86.Deploy.0 = Debug|x86
		{96409814-5162-44F5-88E2-04E493C5FE15}.Release|Any CPU.ActiveCfg = Release|Any CPU
		{96409814-5162-44F5-88E2-04E493C5FE15}.Release|Any CPU.Build.0 = Release|Any CPU
		{96409814-5162-44F5-88E2-04E493C5FE15}.Release|Any CPU.Deploy.0 = Release|Any CPU
		{96409814-5162-44F5-88E2-04E493C5FE15}.Release|ARM.ActiveCfg = Release|ARM
		{96409814-5162-44F5-88E2-04E493C5FE15}.Release|ARM.Build.0 = Release|ARM
		{96409814-5162-44F5-88E2-04E493C5FE15}.Release|ARM.Deploy.0 = Release|ARM
		{96409814-5162-44F5-88E2-04E493C5FE15}.Release|iPhone.ActiveCfg = Release|Any CPU
		{96409814-5162-44F5-88E2-04E493C5FE15}.Release|iPhone.Build.0 = Release|Any CPU
		{96409814-5162-44F5-88E2-04E493C5FE15}.Release|iPhone.Deploy.0 = Release|Any CPU
		{96409814-5162-44F5-88E2-04E493C5FE15}.Release|iPhoneSimulator.ActiveCfg = Release|Any CPU
		{96409814-5162-44F5-88E2-04E493C5FE15}.Release|iPhoneSimulator.Build.0 = Release|Any CPU
		{96409814-5162-44F5-88E2-04E493C5FE15}.Release|iPhoneSimulator.Deploy.0 = Release|Any CPU
		{96409814-5162-44F5-88E2-04E493C5FE15}.Release|x64.ActiveCfg = Release|Any CPU
		{96409814-5162-44F5-88E2-04E493C5FE15}.Release|x64.Build.0 = Release|Any CPU
		{96409814-5162-44F5-88E2-04E493C5FE15}.Release|x64.Deploy.0 = Release|Any CPU
		{96409814-5162-44F5-88E2-04E493C5FE15}.Release|x86.ActiveCfg = Release|x86
		{96409814-5162-44F5-88E2-04E493C5FE15}.Release|x86.Build.0 = Release|x86
		{96409814-5162-44F5-88E2-04E493C5FE15}.Release|x86.Deploy.0 = Release|x86
		{AD283B9E-8326-4CA9-8AEA-DF190F880A6A}.Ad-Hoc|Any CPU.ActiveCfg = Release|Any CPU
		{AD283B9E-8326-4CA9-8AEA-DF190F880A6A}.Ad-Hoc|Any CPU.Build.0 = Release|Any CPU
		{AD283B9E-8326-4CA9-8AEA-DF190F880A6A}.Ad-Hoc|Any CPU.Deploy.0 = Release|Any CPU
		{AD283B9E-8326-4CA9-8AEA-DF190F880A6A}.Ad-Hoc|ARM.ActiveCfg = Release|ARM
		{AD283B9E-8326-4CA9-8AEA-DF190F880A6A}.Ad-Hoc|ARM.Build.0 = Release|ARM
		{AD283B9E-8326-4CA9-8AEA-DF190F880A6A}.Ad-Hoc|ARM.Deploy.0 = Release|ARM
		{AD283B9E-8326-4CA9-8AEA-DF190F880A6A}.Ad-Hoc|iPhone.ActiveCfg = Release|Any CPU
		{AD283B9E-8326-4CA9-8AEA-DF190F880A6A}.Ad-Hoc|iPhone.Build.0 = Release|Any CPU
		{AD283B9E-8326-4CA9-8AEA-DF190F880A6A}.Ad-Hoc|iPhone.Deploy.0 = Release|Any CPU
		{AD283B9E-8326-4CA9-8AEA-DF190F880A6A}.Ad-Hoc|iPhoneSimulator.ActiveCfg = Release|Any CPU
		{AD283B9E-8326-4CA9-8AEA-DF190F880A6A}.Ad-Hoc|iPhoneSimulator.Build.0 = Release|Any CPU
		{AD283B9E-8326-4CA9-8AEA-DF190F880A6A}.Ad-Hoc|iPhoneSimulator.Deploy.0 = Release|Any CPU
		{AD283B9E-8326-4CA9-8AEA-DF190F880A6A}.Ad-Hoc|x64.ActiveCfg = Release|x64
		{AD283B9E-8326-4CA9-8AEA-DF190F880A6A}.Ad-Hoc|x64.Build.0 = Release|x64
		{AD283B9E-8326-4CA9-8AEA-DF190F880A6A}.Ad-Hoc|x64.Deploy.0 = Release|x64
		{AD283B9E-8326-4CA9-8AEA-DF190F880A6A}.Ad-Hoc|x86.ActiveCfg = Release|x86
		{AD283B9E-8326-4CA9-8AEA-DF190F880A6A}.Ad-Hoc|x86.Build.0 = Release|x86
		{AD283B9E-8326-4CA9-8AEA-DF190F880A6A}.Ad-Hoc|x86.Deploy.0 = Release|x86
		{AD283B9E-8326-4CA9-8AEA-DF190F880A6A}.AppStore|Any CPU.ActiveCfg = Release|Any CPU
		{AD283B9E-8326-4CA9-8AEA-DF190F880A6A}.AppStore|Any CPU.Build.0 = Release|Any CPU
		{AD283B9E-8326-4CA9-8AEA-DF190F880A6A}.AppStore|Any CPU.Deploy.0 = Release|Any CPU
		{AD283B9E-8326-4CA9-8AEA-DF190F880A6A}.AppStore|ARM.ActiveCfg = Release|ARM
		{AD283B9E-8326-4CA9-8AEA-DF190F880A6A}.AppStore|ARM.Build.0 = Release|ARM
		{AD283B9E-8326-4CA9-8AEA-DF190F880A6A}.AppStore|ARM.Deploy.0 = Release|ARM
		{AD283B9E-8326-4CA9-8AEA-DF190F880A6A}.AppStore|iPhone.ActiveCfg = Release|Any CPU
		{AD283B9E-8326-4CA9-8AEA-DF190F880A6A}.AppStore|iPhone.Build.0 = Release|Any CPU
		{AD283B9E-8326-4CA9-8AEA-DF190F880A6A}.AppStore|iPhone.Deploy.0 = Release|Any CPU
		{AD283B9E-8326-4CA9-8AEA-DF190F880A6A}.AppStore|iPhoneSimulator.ActiveCfg = Release|Any CPU
		{AD283B9E-8326-4CA9-8AEA-DF190F880A6A}.AppStore|iPhoneSimulator.Build.0 = Release|Any CPU
		{AD283B9E-8326-4CA9-8AEA-DF190F880A6A}.AppStore|iPhoneSimulator.Deploy.0 = Release|Any CPU
		{AD283B9E-8326-4CA9-8AEA-DF190F880A6A}.AppStore|x64.ActiveCfg = Release|x64
		{AD283B9E-8326-4CA9-8AEA-DF190F880A6A}.AppStore|x64.Build.0 = Release|x64
		{AD283B9E-8326-4CA9-8AEA-DF190F880A6A}.AppStore|x64.Deploy.0 = Release|x64
		{AD283B9E-8326-4CA9-8AEA-DF190F880A6A}.AppStore|x86.ActiveCfg = Release|x86
		{AD283B9E-8326-4CA9-8AEA-DF190F880A6A}.AppStore|x86.Build.0 = Release|x86
		{AD283B9E-8326-4CA9-8AEA-DF190F880A6A}.AppStore|x86.Deploy.0 = Release|x86
		{AD283B9E-8326-4CA9-8AEA-DF190F880A6A}.Debug|Any CPU.ActiveCfg = Debug|Any CPU
		{AD283B9E-8326-4CA9-8AEA-DF190F880A6A}.Debug|Any CPU.Build.0 = Debug|Any CPU
		{AD283B9E-8326-4CA9-8AEA-DF190F880A6A}.Debug|Any CPU.Deploy.0 = Debug|Any CPU
		{AD283B9E-8326-4CA9-8AEA-DF190F880A6A}.Debug|ARM.ActiveCfg = Debug|ARM
		{AD283B9E-8326-4CA9-8AEA-DF190F880A6A}.Debug|ARM.Build.0 = Debug|ARM
		{AD283B9E-8326-4CA9-8AEA-DF190F880A6A}.Debug|ARM.Deploy.0 = Debug|ARM
		{AD283B9E-8326-4CA9-8AEA-DF190F880A6A}.Debug|iPhone.ActiveCfg = Debug|Any CPU
		{AD283B9E-8326-4CA9-8AEA-DF190F880A6A}.Debug|iPhone.Build.0 = Debug|Any CPU
		{AD283B9E-8326-4CA9-8AEA-DF190F880A6A}.Debug|iPhone.Deploy.0 = Debug|Any CPU
		{AD283B9E-8326-4CA9-8AEA-DF190F880A6A}.Debug|iPhoneSimulator.ActiveCfg = Debug|Any CPU
		{AD283B9E-8326-4CA9-8AEA-DF190F880A6A}.Debug|iPhoneSimulator.Build.0 = Debug|Any CPU
		{AD283B9E-8326-4CA9-8AEA-DF190F880A6A}.Debug|iPhoneSimulator.Deploy.0 = Debug|Any CPU
		{AD283B9E-8326-4CA9-8AEA-DF190F880A6A}.Debug|x64.ActiveCfg = Debug|x64
		{AD283B9E-8326-4CA9-8AEA-DF190F880A6A}.Debug|x64.Build.0 = Debug|x64
		{AD283B9E-8326-4CA9-8AEA-DF190F880A6A}.Debug|x64.Deploy.0 = Debug|x64
		{AD283B9E-8326-4CA9-8AEA-DF190F880A6A}.Debug|x86.ActiveCfg = Debug|x86
		{AD283B9E-8326-4CA9-8AEA-DF190F880A6A}.Debug|x86.Build.0 = Debug|x86
		{AD283B9E-8326-4CA9-8AEA-DF190F880A6A}.Debug|x86.Deploy.0 = Debug|x86
		{AD283B9E-8326-4CA9-8AEA-DF190F880A6A}.Release|Any CPU.ActiveCfg = Release|Any CPU
		{AD283B9E-8326-4CA9-8AEA-DF190F880A6A}.Release|Any CPU.Build.0 = Release|Any CPU
		{AD283B9E-8326-4CA9-8AEA-DF190F880A6A}.Release|Any CPU.Deploy.0 = Release|Any CPU
		{AD283B9E-8326-4CA9-8AEA-DF190F880A6A}.Release|ARM.ActiveCfg = Release|ARM
		{AD283B9E-8326-4CA9-8AEA-DF190F880A6A}.Release|ARM.Build.0 = Release|ARM
		{AD283B9E-8326-4CA9-8AEA-DF190F880A6A}.Release|ARM.Deploy.0 = Release|ARM
		{AD283B9E-8326-4CA9-8AEA-DF190F880A6A}.Release|iPhone.ActiveCfg = Release|Any CPU
		{AD283B9E-8326-4CA9-8AEA-DF190F880A6A}.Release|iPhone.Build.0 = Release|Any CPU
		{AD283B9E-8326-4CA9-8AEA-DF190F880A6A}.Release|iPhone.Deploy.0 = Release|Any CPU
		{AD283B9E-8326-4CA9-8AEA-DF190F880A6A}.Release|iPhoneSimulator.ActiveCfg = Release|Any CPU
		{AD283B9E-8326-4CA9-8AEA-DF190F880A6A}.Release|iPhoneSimulator.Build.0 = Release|Any CPU
		{AD283B9E-8326-4CA9-8AEA-DF190F880A6A}.Release|iPhoneSimulator.Deploy.0 = Release|Any CPU
		{AD283B9E-8326-4CA9-8AEA-DF190F880A6A}.Release|x64.ActiveCfg = Release|x64
		{AD283B9E-8326-4CA9-8AEA-DF190F880A6A}.Release|x64.Build.0 = Release|x64
		{AD283B9E-8326-4CA9-8AEA-DF190F880A6A}.Release|x64.Deploy.0 = Release|x64
		{AD283B9E-8326-4CA9-8AEA-DF190F880A6A}.Release|x86.ActiveCfg = Release|x86
		{AD283B9E-8326-4CA9-8AEA-DF190F880A6A}.Release|x86.Build.0 = Release|x86
		{AD283B9E-8326-4CA9-8AEA-DF190F880A6A}.Release|x86.Deploy.0 = Release|x86
		{BBBB1A0D-CD2E-48DB-845A-805E454CE564}.Ad-Hoc|Any CPU.ActiveCfg = Release|Any CPU
		{BBBB1A0D-CD2E-48DB-845A-805E454CE564}.Ad-Hoc|Any CPU.Build.0 = Release|Any CPU
		{BBBB1A0D-CD2E-48DB-845A-805E454CE564}.Ad-Hoc|ARM.ActiveCfg = Release|Any CPU
		{BBBB1A0D-CD2E-48DB-845A-805E454CE564}.Ad-Hoc|ARM.Build.0 = Release|Any CPU
		{BBBB1A0D-CD2E-48DB-845A-805E454CE564}.Ad-Hoc|iPhone.ActiveCfg = Release|Any CPU
		{BBBB1A0D-CD2E-48DB-845A-805E454CE564}.Ad-Hoc|iPhone.Build.0 = Release|Any CPU
		{BBBB1A0D-CD2E-48DB-845A-805E454CE564}.Ad-Hoc|iPhoneSimulator.ActiveCfg = Release|Any CPU
		{BBBB1A0D-CD2E-48DB-845A-805E454CE564}.Ad-Hoc|iPhoneSimulator.Build.0 = Release|Any CPU
		{BBBB1A0D-CD2E-48DB-845A-805E454CE564}.Ad-Hoc|x64.ActiveCfg = Release|Any CPU
		{BBBB1A0D-CD2E-48DB-845A-805E454CE564}.Ad-Hoc|x64.Build.0 = Release|Any CPU
		{BBBB1A0D-CD2E-48DB-845A-805E454CE564}.Ad-Hoc|x86.ActiveCfg = Release|Any CPU
		{BBBB1A0D-CD2E-48DB-845A-805E454CE564}.Ad-Hoc|x86.Build.0 = Release|Any CPU
		{BBBB1A0D-CD2E-48DB-845A-805E454CE564}.AppStore|Any CPU.ActiveCfg = Release|Any CPU
		{BBBB1A0D-CD2E-48DB-845A-805E454CE564}.AppStore|Any CPU.Build.0 = Release|Any CPU
		{BBBB1A0D-CD2E-48DB-845A-805E454CE564}.AppStore|ARM.ActiveCfg = Release|Any CPU
		{BBBB1A0D-CD2E-48DB-845A-805E454CE564}.AppStore|ARM.Build.0 = Release|Any CPU
		{BBBB1A0D-CD2E-48DB-845A-805E454CE564}.AppStore|iPhone.ActiveCfg = Release|Any CPU
		{BBBB1A0D-CD2E-48DB-845A-805E454CE564}.AppStore|iPhone.Build.0 = Release|Any CPU
		{BBBB1A0D-CD2E-48DB-845A-805E454CE564}.AppStore|iPhoneSimulator.ActiveCfg = Release|Any CPU
		{BBBB1A0D-CD2E-48DB-845A-805E454CE564}.AppStore|iPhoneSimulator.Build.0 = Release|Any CPU
		{BBBB1A0D-CD2E-48DB-845A-805E454CE564}.AppStore|x64.ActiveCfg = Release|Any CPU
		{BBBB1A0D-CD2E-48DB-845A-805E454CE564}.AppStore|x64.Build.0 = Release|Any CPU
		{BBBB1A0D-CD2E-48DB-845A-805E454CE564}.AppStore|x86.ActiveCfg = Release|Any CPU
		{BBBB1A0D-CD2E-48DB-845A-805E454CE564}.AppStore|x86.Build.0 = Release|Any CPU
		{BBBB1A0D-CD2E-48DB-845A-805E454CE564}.Debug|Any CPU.ActiveCfg = Debug|Any CPU
		{BBBB1A0D-CD2E-48DB-845A-805E454CE564}.Debug|Any CPU.Build.0 = Debug|Any CPU
		{BBBB1A0D-CD2E-48DB-845A-805E454CE564}.Debug|ARM.ActiveCfg = Debug|Any CPU
		{BBBB1A0D-CD2E-48DB-845A-805E454CE564}.Debug|ARM.Build.0 = Debug|Any CPU
		{BBBB1A0D-CD2E-48DB-845A-805E454CE564}.Debug|iPhone.ActiveCfg = Debug|Any CPU
		{BBBB1A0D-CD2E-48DB-845A-805E454CE564}.Debug|iPhone.Build.0 = Debug|Any CPU
		{BBBB1A0D-CD2E-48DB-845A-805E454CE564}.Debug|iPhoneSimulator.ActiveCfg = Debug|Any CPU
		{BBBB1A0D-CD2E-48DB-845A-805E454CE564}.Debug|iPhoneSimulator.Build.0 = Debug|Any CPU
		{BBBB1A0D-CD2E-48DB-845A-805E454CE564}.Debug|x64.ActiveCfg = Debug|Any CPU
		{BBBB1A0D-CD2E-48DB-845A-805E454CE564}.Debug|x64.Build.0 = Debug|Any CPU
		{BBBB1A0D-CD2E-48DB-845A-805E454CE564}.Debug|x86.ActiveCfg = Debug|Any CPU
		{BBBB1A0D-CD2E-48DB-845A-805E454CE564}.Debug|x86.Build.0 = Debug|Any CPU
		{BBBB1A0D-CD2E-48DB-845A-805E454CE564}.Release|Any CPU.ActiveCfg = Release|Any CPU
		{BBBB1A0D-CD2E-48DB-845A-805E454CE564}.Release|Any CPU.Build.0 = Release|Any CPU
		{BBBB1A0D-CD2E-48DB-845A-805E454CE564}.Release|ARM.ActiveCfg = Release|Any CPU
		{BBBB1A0D-CD2E-48DB-845A-805E454CE564}.Release|ARM.Build.0 = Release|Any CPU
		{BBBB1A0D-CD2E-48DB-845A-805E454CE564}.Release|iPhone.ActiveCfg = Release|Any CPU
		{BBBB1A0D-CD2E-48DB-845A-805E454CE564}.Release|iPhone.Build.0 = Release|Any CPU
		{BBBB1A0D-CD2E-48DB-845A-805E454CE564}.Release|iPhoneSimulator.ActiveCfg = Release|Any CPU
		{BBBB1A0D-CD2E-48DB-845A-805E454CE564}.Release|iPhoneSimulator.Build.0 = Release|Any CPU
		{BBBB1A0D-CD2E-48DB-845A-805E454CE564}.Release|x64.ActiveCfg = Release|Any CPU
		{BBBB1A0D-CD2E-48DB-845A-805E454CE564}.Release|x64.Build.0 = Release|Any CPU
		{BBBB1A0D-CD2E-48DB-845A-805E454CE564}.Release|x86.ActiveCfg = Release|Any CPU
		{BBBB1A0D-CD2E-48DB-845A-805E454CE564}.Release|x86.Build.0 = Release|Any CPU
	EndGlobalSection
	GlobalSection(SolutionProperties) = preSolution
		HideSolutionNode = FALSE
	EndGlobalSection
EndGlobal
